
Microsoft Visual Studio Solution File, Format Version 12.00
# Visual Studio Version 17
VisualStudioVersion = 17.5.33424.131
MinimumVisualStudioVersion = 10.0.40219.1
Project("{9A19103F-16F7-4668-BE54-9A1E7A4F7556}") = "WebApi", "WebApi\WebApi.csproj", "{B7316F33-859A-486A-974D-7217DB882A2D}"
EndProject
Project("{9A19103F-16F7-4668-BE54-9A1E7A4F7556}") = "PetRegisterMock", "PetRegisterMock\PetRegisterMock.csproj", "{55FA13BD-AB2D-4D7F-A4E6-8502789EFF6E}"
EndProject
Global
	GlobalSection(SolutionConfigurationPlatforms) = preSolution
		Debug|Any CPU = Debug|Any CPU
		Release|Any CPU = Release|Any CPU
	EndGlobalSection
	GlobalSection(ProjectConfigurationPlatforms) = postSolution
		{B7316F33-859A-486A-974D-7217DB882A2D}.Debug|Any CPU.ActiveCfg = Debug|Any CPU
		{B7316F33-859A-486A-974D-7217DB882A2D}.Debug|Any CPU.Build.0 = Debug|Any CPU
		{B7316F33-859A-486A-974D-7217DB882A2D}.Release|Any CPU.ActiveCfg = Release|Any CPU
		{B7316F33-859A-486A-974D-7217DB882A2D}.Release|Any CPU.Build.0 = Release|Any CPU
		{55FA13BD-AB2D-4D7F-A4E6-8502789EFF6E}.Debug|Any CPU.ActiveCfg = Debug|Any CPU
		{55FA13BD-AB2D-4D7F-A4E6-8502789EFF6E}.Debug|Any CPU.Build.0 = Debug|Any CPU
		{55FA13BD-AB2D-4D7F-A4E6-8502789EFF6E}.Release|Any CPU.ActiveCfg = Release|Any CPU
		{55FA13BD-AB2D-4D7F-A4E6-8502789EFF6E}.Release|Any CPU.Build.0 = Release|Any CPU
	EndGlobalSection
	GlobalSection(SolutionProperties) = preSolution
		HideSolutionNode = FALSE
	EndGlobalSection
	GlobalSection(ExtensibilityGlobals) = postSolution
		SolutionGuid = {A9DF1913-FBFD-469E-A894-98BFE5CD5180}
	EndGlobalSection
EndGlobal
